
Microsoft Visual Studio Solution File, Format Version 12.00
# Visual Studio Version 16
VisualStudioVersion = 16.0.30011.22
MinimumVisualStudioVersion = 10.0.40219.1
Project("{FAE04EC0-301F-11D3-BF4B-00C04F79EFBC}") = "Videofy.Web", "Videofy.Web\Videofy.Web.csproj", "{703591A2-3B76-40B4-843B-80C073E611C8}"
EndProject
Project("{FAE04EC0-301F-11D3-BF4B-00C04F79EFBC}") = "Videofy.DAL", "Videofy.DAL\Videofy.DAL.csproj", "{184CEBFB-5202-468A-8F54-886020E49573}"
EndProject
Project("{FAE04EC0-301F-11D3-BF4B-00C04F79EFBC}") = "Videofy.BLL", "Videofy.BLL\Videofy.BLL.csproj", "{30564E8D-A968-4DD9-AE39-1B24F3D6EE33}"
EndProject
Global
	GlobalSection(SolutionConfigurationPlatforms) = preSolution
		Debug|Any CPU = Debug|Any CPU
		Release|Any CPU = Release|Any CPU
	EndGlobalSection
	GlobalSection(ProjectConfigurationPlatforms) = postSolution
		{703591A2-3B76-40B4-843B-80C073E611C8}.Debug|Any CPU.ActiveCfg = Debug|Any CPU
		{703591A2-3B76-40B4-843B-80C073E611C8}.Debug|Any CPU.Build.0 = Debug|Any CPU
		{703591A2-3B76-40B4-843B-80C073E611C8}.Release|Any CPU.ActiveCfg = Release|Any CPU
		{703591A2-3B76-40B4-843B-80C073E611C8}.Release|Any CPU.Build.0 = Release|Any CPU
		{184CEBFB-5202-468A-8F54-886020E49573}.Debug|Any CPU.ActiveCfg = Debug|Any CPU
		{184CEBFB-5202-468A-8F54-886020E49573}.Debug|Any CPU.Build.0 = Debug|Any CPU
		{184CEBFB-5202-468A-8F54-886020E49573}.Release|Any CPU.ActiveCfg = Release|Any CPU
		{184CEBFB-5202-468A-8F54-886020E49573}.Release|Any CPU.Build.0 = Release|Any CPU
		{30564E8D-A968-4DD9-AE39-1B24F3D6EE33}.Debug|Any CPU.ActiveCfg = Debug|Any CPU
		{30564E8D-A968-4DD9-AE39-1B24F3D6EE33}.Debug|Any CPU.Build.0 = Debug|Any CPU
		{30564E8D-A968-4DD9-AE39-1B24F3D6EE33}.Release|Any CPU.ActiveCfg = Release|Any CPU
		{30564E8D-A968-4DD9-AE39-1B24F3D6EE33}.Release|Any CPU.Build.0 = Release|Any CPU
	EndGlobalSection
	GlobalSection(SolutionProperties) = preSolution
		HideSolutionNode = FALSE
	EndGlobalSection
	GlobalSection(ExtensibilityGlobals) = postSolution
		SolutionGuid = {B3ECBA98-95AC-4085-928E-037EFDD1BCAF}
	EndGlobalSection
EndGlobal
